
Microsoft Visual Studio Solution File, Format Version 12.00
# Visual Studio Version 17
VisualStudioVersion = 17.8.34330.188
MinimumVisualStudioVersion = 10.0.40219.1
Project("{FAE04EC0-301F-11D3-BF4B-00C04F79EFBC}") = "ProductService", "ProductService\ProductService.csproj", "{F334E7F5-9375-43F3-8D54-34EFE07D1931}"
EndProject
Project("{FAE04EC0-301F-11D3-BF4B-00C04F79EFBC}") = "ApiGateway", "ApiGateway\ApiGateway.csproj", "{AD5B34F5-D54B-47C7-80C6-597A890EF96D}"
EndProject
Global
	GlobalSection(SolutionConfigurationPlatforms) = preSolution
		Debug|Any CPU = Debug|Any CPU
		Release|Any CPU = Release|Any CPU
	EndGlobalSection
	GlobalSection(ProjectConfigurationPlatforms) = postSolution
		{F334E7F5-9375-43F3-8D54-34EFE07D1931}.Debug|Any CPU.ActiveCfg = Debug|Any CPU
		{F334E7F5-9375-43F3-8D54-34EFE07D1931}.Debug|Any CPU.Build.0 = Debug|Any CPU
		{F334E7F5-9375-43F3-8D54-34EFE07D1931}.Release|Any CPU.ActiveCfg = Release|Any CPU
		{F334E7F5-9375-43F3-8D54-34EFE07D1931}.Release|Any CPU.Build.0 = Release|Any CPU
		{AD5B34F5-D54B-47C7-80C6-597A890EF96D}.Debug|Any CPU.ActiveCfg = Debug|Any CPU
		{AD5B34F5-D54B-47C7-80C6-597A890EF96D}.Debug|Any CPU.Build.0 = Debug|Any CPU
		{AD5B34F5-D54B-47C7-80C6-597A890EF96D}.Release|Any CPU.ActiveCfg = Release|Any CPU
		{AD5B34F5-D54B-47C7-80C6-597A890EF96D}.Release|Any CPU.Build.0 = Release|Any CPU
	EndGlobalSection
	GlobalSection(SolutionProperties) = preSolution
		HideSolutionNode = FALSE
	EndGlobalSection
	GlobalSection(ExtensibilityGlobals) = postSolution
		SolutionGuid = {2444E452-8ED4-4B67-8E23-5737189624E6}
	EndGlobalSection
EndGlobal
